
Microsoft Visual Studio Solution File, Format Version 12.00
# Visual Studio Version 16
VisualStudioVersion = 16.0.30804.86
MinimumVisualStudioVersion = 10.0.40219.1
Project("{9A19103F-16F7-4668-BE54-9A1E7A4F7556}") = "Entities", "Entities\Entities.csproj", "{492420EF-8D67-4E67-AAAA-E2D7A4227BE7}"
EndProject
Project("{9A19103F-16F7-4668-BE54-9A1E7A4F7556}") = "DataAccess", "DataAccess\DataAccess.csproj", "{55484806-F449-4080-9BE6-32DDB63AC43B}"
EndProject
Project("{9A19103F-16F7-4668-BE54-9A1E7A4F7556}") = "Business", "Business\Business.csproj", "{B599E793-1617-4A34-8F29-9A921A40F14A}"
EndProject
Project("{9A19103F-16F7-4668-BE54-9A1E7A4F7556}") = "ConsoleUI", "Console\ConsoleUI.csproj", "{F50CCFD8-94EA-4F9E-91EE-9D42DD55E40A}"
EndProject
Project("{9A19103F-16F7-4668-BE54-9A1E7A4F7556}") = "Core", "Core\Core.csproj", "{9C8CCAF9-A6FF-442D-8302-3DCC88503FE0}"
EndProject
Project("{FAE04EC0-301F-11D3-BF4B-00C04F79EFBC}") = "WebAPI", "WebApi1\WebAPI.csproj", "{B3F2B3A5-C909-45C1-A283-9834A4B02480}"
EndProject
Global
	GlobalSection(SolutionConfigurationPlatforms) = preSolution
		Debug|Any CPU = Debug|Any CPU
		Release|Any CPU = Release|Any CPU
	EndGlobalSection
	GlobalSection(ProjectConfigurationPlatforms) = postSolution
		{492420EF-8D67-4E67-AAAA-E2D7A4227BE7}.Debug|Any CPU.ActiveCfg = Debug|Any CPU
		{492420EF-8D67-4E67-AAAA-E2D7A4227BE7}.Debug|Any CPU.Build.0 = Debug|Any CPU
		{492420EF-8D67-4E67-AAAA-E2D7A4227BE7}.Release|Any CPU.ActiveCfg = Release|Any CPU
		{492420EF-8D67-4E67-AAAA-E2D7A4227BE7}.Release|Any CPU.Build.0 = Release|Any CPU
		{55484806-F449-4080-9BE6-32DDB63AC43B}.Debug|Any CPU.ActiveCfg = Debug|Any CPU
		{55484806-F449-4080-9BE6-32DDB63AC43B}.Debug|Any CPU.Build.0 = Debug|Any CPU
		{55484806-F449-4080-9BE6-32DDB63AC43B}.Release|Any CPU.ActiveCfg = Release|Any CPU
		{55484806-F449-4080-9BE6-32DDB63AC43B}.Release|Any CPU.Build.0 = Release|Any CPU
		{B599E793-1617-4A34-8F29-9A921A40F14A}.Debug|Any CPU.ActiveCfg = Debug|Any CPU
		{B599E793-1617-4A34-8F29-9A921A40F14A}.Debug|Any CPU.Build.0 = Debug|Any CPU
		{B599E793-1617-4A34-8F29-9A921A40F14A}.Release|Any CPU.ActiveCfg = Release|Any CPU
		{B599E793-1617-4A34-8F29-9A921A40F14A}.Release|Any CPU.Build.0 = Release|Any CPU
		{F50CCFD8-94EA-4F9E-91EE-9D42DD55E40A}.Debug|Any CPU.ActiveCfg = Debug|Any CPU
		{F50CCFD8-94EA-4F9E-91EE-9D42DD55E40A}.Debug|Any CPU.Build.0 = Debug|Any CPU
		{F50CCFD8-94EA-4F9E-91EE-9D42DD55E40A}.Release|Any CPU.ActiveCfg = Release|Any CPU
		{F50CCFD8-94EA-4F9E-91EE-9D42DD55E40A}.Release|Any CPU.Build.0 = Release|Any CPU
		{9C8CCAF9-A6FF-442D-8302-3DCC88503FE0}.Debug|Any CPU.ActiveCfg = Debug|Any CPU
		{9C8CCAF9-A6FF-442D-8302-3DCC88503FE0}.Debug|Any CPU.Build.0 = Debug|Any CPU
		{9C8CCAF9-A6FF-442D-8302-3DCC88503FE0}.Release|Any CPU.ActiveCfg = Release|Any CPU
		{9C8CCAF9-A6FF-442D-8302-3DCC88503FE0}.Release|Any CPU.Build.0 = Release|Any CPU
		{B3F2B3A5-C909-45C1-A283-9834A4B02480}.Debug|Any CPU.ActiveCfg = Debug|Any CPU
		{B3F2B3A5-C909-45C1-A283-9834A4B02480}.Debug|Any CPU.Build.0 = Debug|Any CPU
		{B3F2B3A5-C909-45C1-A283-9834A4B02480}.Release|Any CPU.ActiveCfg = Release|Any CPU
		{B3F2B3A5-C909-45C1-A283-9834A4B02480}.Release|Any CPU.Build.0 = Release|Any CPU
	EndGlobalSection
	GlobalSection(SolutionProperties) = preSolution
		HideSolutionNode = FALSE
	EndGlobalSection
	GlobalSection(ExtensibilityGlobals) = postSolution
		SolutionGuid = {53C3956B-0713-492F-A244-5AF8E8C46CF3}
	EndGlobalSection
EndGlobal
